
Microsoft Visual Studio Solution File, Format Version 12.00
# Visual Studio Version 16
VisualStudioVersion = 16.0.32802.440
MinimumVisualStudioVersion = 10.0.40219.1
Project("{FAE04EC0-301F-11D3-BF4B-00C04F79EFBC}") = "KW_at_17_09_2022", "KW_at_17_09_2022\KW_at_17_09_2022.csproj", "{58476199-4B44-4598-B272-FB35BD2B389B}"
EndProject
Project("{FAE04EC0-301F-11D3-BF4B-00C04F79EFBC}") = "KW", "KW\KW.csproj", "{BC8D2E1C-CEC6-4DA5-8049-2A860E14ABC4}"
EndProject
Global
	GlobalSection(SolutionConfigurationPlatforms) = preSolution
		Debug|Any CPU = Debug|Any CPU
		Release|Any CPU = Release|Any CPU
	EndGlobalSection
	GlobalSection(ProjectConfigurationPlatforms) = postSolution
		{58476199-4B44-4598-B272-FB35BD2B389B}.Debug|Any CPU.ActiveCfg = Debug|Any CPU
		{58476199-4B44-4598-B272-FB35BD2B389B}.Debug|Any CPU.Build.0 = Debug|Any CPU
		{58476199-4B44-4598-B272-FB35BD2B389B}.Release|Any CPU.ActiveCfg = Release|Any CPU
		{58476199-4B44-4598-B272-FB35BD2B389B}.Release|Any CPU.Build.0 = Release|Any CPU
		{BC8D2E1C-CEC6-4DA5-8049-2A860E14ABC4}.Debug|Any CPU.ActiveCfg = Debug|Any CPU
		{BC8D2E1C-CEC6-4DA5-8049-2A860E14ABC4}.Debug|Any CPU.Build.0 = Debug|Any CPU
		{BC8D2E1C-CEC6-4DA5-8049-2A860E14ABC4}.Release|Any CPU.ActiveCfg = Release|Any CPU
		{BC8D2E1C-CEC6-4DA5-8049-2A860E14ABC4}.Release|Any CPU.Build.0 = Release|Any CPU
	EndGlobalSection
	GlobalSection(SolutionProperties) = preSolution
		HideSolutionNode = FALSE
	EndGlobalSection
	GlobalSection(ExtensibilityGlobals) = postSolution
		SolutionGuid = {E9955652-38E2-4B84-8470-91C077A5F659}
	EndGlobalSection
EndGlobal
